
Microsoft Visual Studio Solution File, Format Version 12.00
# Visual Studio 14
VisualStudioVersion = 14.0.25123.0
MinimumVisualStudioVersion = 10.0.40219.1
Project("{CC5FD16D-436D-48AD-A40C-5A424C6E3E79}") = "ProcessaReservaService", "ProcessaReservaService.ccproj", "{C639736E-F057-44A3-8F50-EFA59B993819}"
EndProject
Project("{FAE04EC0-301F-11D3-BF4B-00C04F79EFBC}") = "ProcessaReserva", "ProcessaReserva\ProcessaReserva.csproj", "{9C623C69-2BCA-4853-BAC6-7D2DFF13E4FD}"
EndProject
Global
	GlobalSection(SolutionConfigurationPlatforms) = preSolution
		Debug|Any CPU = Debug|Any CPU
		Release|Any CPU = Release|Any CPU
	EndGlobalSection
	GlobalSection(ProjectConfigurationPlatforms) = postSolution
		{C639736E-F057-44A3-8F50-EFA59B993819}.Debug|Any CPU.ActiveCfg = Debug|Any CPU
		{C639736E-F057-44A3-8F50-EFA59B993819}.Debug|Any CPU.Build.0 = Debug|Any CPU
		{C639736E-F057-44A3-8F50-EFA59B993819}.Release|Any CPU.ActiveCfg = Release|Any CPU
		{C639736E-F057-44A3-8F50-EFA59B993819}.Release|Any CPU.Build.0 = Release|Any CPU
		{9C623C69-2BCA-4853-BAC6-7D2DFF13E4FD}.Debug|Any CPU.ActiveCfg = Debug|Any CPU
		{9C623C69-2BCA-4853-BAC6-7D2DFF13E4FD}.Debug|Any CPU.Build.0 = Debug|Any CPU
		{9C623C69-2BCA-4853-BAC6-7D2DFF13E4FD}.Release|Any CPU.ActiveCfg = Release|Any CPU
		{9C623C69-2BCA-4853-BAC6-7D2DFF13E4FD}.Release|Any CPU.Build.0 = Release|Any CPU
	EndGlobalSection
	GlobalSection(SolutionProperties) = preSolution
		HideSolutionNode = FALSE
	EndGlobalSection
EndGlobal
